
Microsoft Visual Studio Solution File, Format Version 12.00
# Visual Studio 2013
VisualStudioVersion = 12.0.30723.0
MinimumVisualStudioVersion = 10.0.40219.1
Project("{FAE04EC0-301F-11D3-BF4B-00C04F79EFBC}") = "Mymdb.iOS", "Mymdb.iOS\Mymdb.iOS.csproj", "{DCC28999-37DA-4B50-955C-9CAD7C575A19}"
EndProject
Project("{FAE04EC0-301F-11D3-BF4B-00C04F79EFBC}") = "Mymdb.Core", "Mymdb.Core\Mymdb.Core.csproj", "{E649E772-DCF0-484D-948C-AE0D553AD2EC}"
EndProject
Project("{D954291E-2A0B-460D-934E-DC6B0785DB48}") = "Mymdb.Shared", "Mymdb.Shared\Mymdb.Shared.shproj", "{440068CB-7618-43E6-B268-434763D67B6D}"
EndProject
Project("{FAE04EC0-301F-11D3-BF4B-00C04F79EFBC}") = "Mymdb.Model", "Mymdb.Model\Mymdb.Model.csproj", "{7F0CE526-8BE9-4190-A8A6-C5DA83304E65}"
EndProject
Project("{FAE04EC0-301F-11D3-BF4B-00C04F79EFBC}") = "Mymdb.Droid", "Mymdb.Droid\Mymdb.Droid.csproj", "{A526647C-D1BE-4F99-B0B1-E4CD8A3ACCFC}"
EndProject
Project("{FAE04EC0-301F-11D3-BF4B-00C04F79EFBC}") = "Mymdb.RT", "Mymdb.RT\Mymdb.RT.csproj", "{E67928C6-D634-41F0-882D-17DC6FCA1525}"
EndProject
Project("{FAE04EC0-301F-11D3-BF4B-00C04F79EFBC}") = "Mymdb.WP", "Mymdb.WP\Mymdb.WP.csproj", "{82D19406-DFAB-431B-BFAD-E2F2BFAB5E62}"
EndProject
Project("{FAE04EC0-301F-11D3-BF4B-00C04F79EFBC}") = "Mymdb.iOS.Test", "Mymdb.iOS.Test\Mymdb.iOS.Test.csproj", "{AA5DD5EF-1E86-4AD4-81B1-FD484799149A}"
EndProject
Project("{FAE04EC0-301F-11D3-BF4B-00C04F79EFBC}") = "Mymdb.UI", "Mymdb.UI\Mymdb.UI.csproj", "{66985485-8307-4A0E-A903-3B6B1304E4CC}"
EndProject
Project("{FAE04EC0-301F-11D3-BF4B-00C04F79EFBC}") = "Mymdb.Analysis", "Mymdb.Analysis\Mymdb.Analysis.csproj", "{E06FB8D4-12D3-46B1-8C33-A54735D39C5C}"
EndProject
Global
	GlobalSection(SharedMSBuildProjectFiles) = preSolution
		Mymdb.Shared\Mymdb.Shared.projitems*{a526647c-d1be-4f99-b0b1-e4cd8a3accfc}*SharedItemsImports = 4
		Mymdb.Shared\Mymdb.Shared.projitems*{82d19406-dfab-431b-bfad-e2f2bfab5e62}*SharedItemsImports = 4
		Mymdb.Shared\Mymdb.Shared.projitems*{e67928c6-d634-41f0-882d-17dc6fca1525}*SharedItemsImports = 4
		Mymdb.Shared\Mymdb.Shared.projitems*{440068cb-7618-43e6-b268-434763d67b6d}*SharedItemsImports = 13
		Mymdb.Shared\Mymdb.Shared.projitems*{dcc28999-37da-4b50-955c-9cad7c575a19}*SharedItemsImports = 4
	EndGlobalSection
	GlobalSection(SolutionConfigurationPlatforms) = preSolution
		Ad-Hoc|Any CPU = Ad-Hoc|Any CPU
		Ad-Hoc|ARM = Ad-Hoc|ARM
		Ad-Hoc|iPhone = Ad-Hoc|iPhone
		Ad-Hoc|iPhoneSimulator = Ad-Hoc|iPhoneSimulator
		Ad-Hoc|Mixed Platforms = Ad-Hoc|Mixed Platforms
		Ad-Hoc|x64 = Ad-Hoc|x64
		Ad-Hoc|x86 = Ad-Hoc|x86
		AppStore|Any CPU = AppStore|Any CPU
		AppStore|ARM = AppStore|ARM
		AppStore|iPhone = AppStore|iPhone
		AppStore|iPhoneSimulator = AppStore|iPhoneSimulator
		AppStore|Mixed Platforms = AppStore|Mixed Platforms
		AppStore|x64 = AppStore|x64
		AppStore|x86 = AppStore|x86
		Debug|Any CPU = Debug|Any CPU
		Debug|ARM = Debug|ARM
		Debug|iPhone = Debug|iPhone
		Debug|iPhoneSimulator = Debug|iPhoneSimulator
		Debug|Mixed Platforms = Debug|Mixed Platforms
		Debug|x64 = Debug|x64
		Debug|x86 = Debug|x86
		Release|Any CPU = Release|Any CPU
		Release|ARM = Release|ARM
		Release|iPhone = Release|iPhone
		Release|iPhoneSimulator = Release|iPhoneSimulator
		Release|Mixed Platforms = Release|Mixed Platforms
		Release|x64 = Release|x64
		Release|x86 = Release|x86
	EndGlobalSection
	GlobalSection(ProjectConfigurationPlatforms) = postSolution
		{DCC28999-37DA-4B50-955C-9CAD7C575A19}.Ad-Hoc|Any CPU.ActiveCfg = Ad-Hoc|iPhoneSimulator
		{DCC28999-37DA-4B50-955C-9CAD7C575A19}.Ad-Hoc|ARM.ActiveCfg = Ad-Hoc|iPhoneSimulator
		{DCC28999-37DA-4B50-955C-9CAD7C575A19}.Ad-Hoc|iPhone.ActiveCfg = Ad-Hoc|iPhone
		{DCC28999-37DA-4B50-955C-9CAD7C575A19}.Ad-Hoc|iPhone.Build.0 = Ad-Hoc|iPhone
		{DCC28999-37DA-4B50-955C-9CAD7C575A19}.Ad-Hoc|iPhoneSimulator.ActiveCfg = Ad-Hoc|iPhoneSimulator
		{DCC28999-37DA-4B50-955C-9CAD7C575A19}.Ad-Hoc|iPhoneSimulator.Build.0 = Ad-Hoc|iPhoneSimulator
		{DCC28999-37DA-4B50-955C-9CAD7C575A19}.Ad-Hoc|iPhoneSimulator.Deploy.0 = Ad-Hoc|iPhoneSimulator
		{DCC28999-37DA-4B50-955C-9CAD7C575A19}.Ad-Hoc|Mixed Platforms.ActiveCfg = Ad-Hoc|iPhoneSimulator
		{DCC28999-37DA-4B50-955C-9CAD7C575A19}.Ad-Hoc|Mixed Platforms.Build.0 = Ad-Hoc|iPhoneSimulator
		{DCC28999-37DA-4B50-955C-9CAD7C575A19}.Ad-Hoc|Mixed Platforms.Deploy.0 = Ad-Hoc|iPhoneSimulator
		{DCC28999-37DA-4B50-955C-9CAD7C575A19}.Ad-Hoc|x64.ActiveCfg = Ad-Hoc|iPhoneSimulator
		{DCC28999-37DA-4B50-955C-9CAD7C575A19}.Ad-Hoc|x86.ActiveCfg = Ad-Hoc|iPhoneSimulator
		{DCC28999-37DA-4B50-955C-9CAD7C575A19}.AppStore|Any CPU.ActiveCfg = AppStore|iPhoneSimulator
		{DCC28999-37DA-4B50-955C-9CAD7C575A19}.AppStore|ARM.ActiveCfg = AppStore|iPhoneSimulator
		{DCC28999-37DA-4B50-955C-9CAD7C575A19}.AppStore|iPhone.ActiveCfg = AppStore|iPhone
		{DCC28999-37DA-4B50-955C-9CAD7C575A19}.AppStore|iPhone.Build.0 = AppStore|iPhone
		{DCC28999-37DA-4B50-955C-9CAD7C575A19}.AppStore|iPhoneSimulator.ActiveCfg = AppStore|iPhoneSimulator
		{DCC28999-37DA-4B50-955C-9CAD7C575A19}.AppStore|iPhoneSimulator.Build.0 = AppStore|iPhoneSimulator
		{DCC28999-37DA-4B50-955C-9CAD7C575A19}.AppStore|iPhoneSimulator.Deploy.0 = AppStore|iPhoneSimulator
		{DCC28999-37DA-4B50-955C-9CAD7C575A19}.AppStore|Mixed Platforms.ActiveCfg = AppStore|iPhoneSimulator
		{DCC28999-37DA-4B50-955C-9CAD7C575A19}.AppStore|Mixed Platforms.Build.0 = AppStore|iPhoneSimulator
		{DCC28999-37DA-4B50-955C-9CAD7C575A19}.AppStore|Mixed Platforms.Deploy.0 = AppStore|iPhoneSimulator
		{DCC28999-37DA-4B50-955C-9CAD7C575A19}.AppStore|x64.ActiveCfg = AppStore|iPhoneSimulator
		{DCC28999-37DA-4B50-955C-9CAD7C575A19}.AppStore|x86.ActiveCfg = AppStore|iPhoneSimulator
		{DCC28999-37DA-4B50-955C-9CAD7C575A19}.Debug|Any CPU.ActiveCfg = Debug|iPhoneSimulator
		{DCC28999-37DA-4B50-955C-9CAD7C575A19}.Debug|ARM.ActiveCfg = Debug|iPhoneSimulator
		{DCC28999-37DA-4B50-955C-9CAD7C575A19}.Debug|iPhone.ActiveCfg = Debug|iPhone
		{DCC28999-37DA-4B50-955C-9CAD7C575A19}.Debug|iPhone.Build.0 = Debug|iPhone
		{DCC28999-37DA-4B50-955C-9CAD7C575A19}.Debug|iPhoneSimulator.ActiveCfg = Debug|iPhoneSimulator
		{DCC28999-37DA-4B50-955C-9CAD7C575A19}.Debug|iPhoneSimulator.Build.0 = Debug|iPhoneSimulator
		{DCC28999-37DA-4B50-955C-9CAD7C575A19}.Debug|Mixed Platforms.ActiveCfg = Debug|iPhoneSimulator
		{DCC28999-37DA-4B50-955C-9CAD7C575A19}.Debug|Mixed Platforms.Build.0 = Debug|iPhoneSimulator
		{DCC28999-37DA-4B50-955C-9CAD7C575A19}.Debug|Mixed Platforms.Deploy.0 = Debug|iPhoneSimulator
		{DCC28999-37DA-4B50-955C-9CAD7C575A19}.Debug|x64.ActiveCfg = Debug|iPhoneSimulator
		{DCC28999-37DA-4B50-955C-9CAD7C575A19}.Debug|x86.ActiveCfg = Debug|iPhoneSimulator
		{DCC28999-37DA-4B50-955C-9CAD7C575A19}.Release|Any CPU.ActiveCfg = Release|iPhoneSimulator
		{DCC28999-37DA-4B50-955C-9CAD7C575A19}.Release|ARM.ActiveCfg = Release|iPhoneSimulator
		{DCC28999-37DA-4B50-955C-9CAD7C575A19}.Release|iPhone.ActiveCfg = Release|iPhone
		{DCC28999-37DA-4B50-955C-9CAD7C575A19}.Release|iPhone.Build.0 = Release|iPhone
		{DCC28999-37DA-4B50-955C-9CAD7C575A19}.Release|iPhoneSimulator.ActiveCfg = Release|iPhoneSimulator
		{DCC28999-37DA-4B50-955C-9CAD7C575A19}.Release|iPhoneSimulator.Build.0 = Release|iPhoneSimulator
		{DCC28999-37DA-4B50-955C-9CAD7C575A19}.Release|Mixed Platforms.ActiveCfg = Release|iPhoneSimulator
		{DCC28999-37DA-4B50-955C-9CAD7C575A19}.Release|Mixed Platforms.Build.0 = Release|iPhoneSimulator
		{DCC28999-37DA-4B50-955C-9CAD7C575A19}.Release|Mixed Platforms.Deploy.0 = Release|iPhoneSimulator
		{DCC28999-37DA-4B50-955C-9CAD7C575A19}.Release|x64.ActiveCfg = Release|iPhoneSimulator
		{DCC28999-37DA-4B50-955C-9CAD7C575A19}.Release|x86.ActiveCfg = Release|iPhoneSimulator
		{E649E772-DCF0-484D-948C-AE0D553AD2EC}.Ad-Hoc|Any CPU.ActiveCfg = Debug|Any CPU
		{E649E772-DCF0-484D-948C-AE0D553AD2EC}.Ad-Hoc|Any CPU.Build.0 = Debug|Any CPU
		{E649E772-DCF0-484D-948C-AE0D553AD2EC}.Ad-Hoc|ARM.ActiveCfg = Debug|Any CPU
		{E649E772-DCF0-484D-948C-AE0D553AD2EC}.Ad-Hoc|iPhone.ActiveCfg = Release|Any CPU
		{E649E772-DCF0-484D-948C-AE0D553AD2EC}.Ad-Hoc|iPhone.Build.0 = Release|Any CPU
		{E649E772-DCF0-484D-948C-AE0D553AD2EC}.Ad-Hoc|iPhoneSimulator.ActiveCfg = Debug|Any CPU
		{E649E772-DCF0-484D-948C-AE0D553AD2EC}.Ad-Hoc|Mixed Platforms.ActiveCfg = Debug|Any CPU
		{E649E772-DCF0-484D-948C-AE0D553AD2EC}.Ad-Hoc|Mixed Platforms.Build.0 = Debug|Any CPU
		{E649E772-DCF0-484D-948C-AE0D553AD2EC}.Ad-Hoc|x64.ActiveCfg = Debug|Any CPU
		{E649E772-DCF0-484D-948C-AE0D553AD2EC}.Ad-Hoc|x86.ActiveCfg = Debug|Any CPU
		{E649E772-DCF0-484D-948C-AE0D553AD2EC}.AppStore|Any CPU.ActiveCfg = Debug|Any CPU
		{E649E772-DCF0-484D-948C-AE0D553AD2EC}.AppStore|Any CPU.Build.0 = Debug|Any CPU
		{E649E772-DCF0-484D-948C-AE0D553AD2EC}.AppStore|ARM.ActiveCfg = Debug|Any CPU
		{E649E772-DCF0-484D-948C-AE0D553AD2EC}.AppStore|iPhone.ActiveCfg = Release|Any CPU
		{E649E772-DCF0-484D-948C-AE0D553AD2EC}.AppStore|iPhone.Build.0 = Release|Any CPU
		{E649E772-DCF0-484D-948C-AE0D553AD2EC}.AppStore|iPhoneSimulator.ActiveCfg = Debug|Any CPU
		{E649E772-DCF0-484D-948C-AE0D553AD2EC}.AppStore|Mixed Platforms.ActiveCfg = Debug|Any CPU
		{E649E772-DCF0-484D-948C-AE0D553AD2EC}.AppStore|Mixed Platforms.Build.0 = Debug|Any CPU
		{E649E772-DCF0-484D-948C-AE0D553AD2EC}.AppStore|x64.ActiveCfg = Debug|Any CPU
		{E649E772-DCF0-484D-948C-AE0D553AD2EC}.AppStore|x86.ActiveCfg = Debug|Any CPU
		{E649E772-DCF0-484D-948C-AE0D553AD2EC}.Debug|Any CPU.ActiveCfg = Debug|Any CPU
		{E649E772-DCF0-484D-948C-AE0D553AD2EC}.Debug|Any CPU.Build.0 = Debug|Any CPU
		{E649E772-DCF0-484D-948C-AE0D553AD2EC}.Debug|ARM.ActiveCfg = Debug|Any CPU
		{E649E772-DCF0-484D-948C-AE0D553AD2EC}.Debug|iPhone.ActiveCfg = Debug|Any CPU
		{E649E772-DCF0-484D-948C-AE0D553AD2EC}.Debug|iPhone.Build.0 = Debug|Any CPU
		{E649E772-DCF0-484D-948C-AE0D553AD2EC}.Debug|iPhoneSimulator.ActiveCfg = Debug|Any CPU
		{E649E772-DCF0-484D-948C-AE0D553AD2EC}.Debug|iPhoneSimulator.Build.0 = Debug|Any CPU
		{E649E772-DCF0-484D-948C-AE0D553AD2EC}.Debug|Mixed Platforms.ActiveCfg = Debug|Any CPU
		{E649E772-DCF0-484D-948C-AE0D553AD2EC}.Debug|Mixed Platforms.Build.0 = Debug|Any CPU
		{E649E772-DCF0-484D-948C-AE0D553AD2EC}.Debug|x64.ActiveCfg = Debug|Any CPU
		{E649E772-DCF0-484D-948C-AE0D553AD2EC}.Debug|x86.ActiveCfg = Debug|Any CPU
		{E649E772-DCF0-484D-948C-AE0D553AD2EC}.Release|Any CPU.ActiveCfg = Release|Any CPU
		{E649E772-DCF0-484D-948C-AE0D553AD2EC}.Release|Any CPU.Build.0 = Release|Any CPU
		{E649E772-DCF0-484D-948C-AE0D553AD2EC}.Release|ARM.ActiveCfg = Release|Any CPU
		{E649E772-DCF0-484D-948C-AE0D553AD2EC}.Release|iPhone.ActiveCfg = Release|Any CPU
		{E649E772-DCF0-484D-948C-AE0D553AD2EC}.Release|iPhone.Build.0 = Release|Any CPU
		{E649E772-DCF0-484D-948C-AE0D553AD2EC}.Release|iPhoneSimulator.ActiveCfg = Release|Any CPU
		{E649E772-DCF0-484D-948C-AE0D553AD2EC}.Release|iPhoneSimulator.Build.0 = Release|Any CPU
		{E649E772-DCF0-484D-948C-AE0D553AD2EC}.Release|Mixed Platforms.ActiveCfg = Release|Any CPU
		{E649E772-DCF0-484D-948C-AE0D553AD2EC}.Release|Mixed Platforms.Build.0 = Release|Any CPU
		{E649E772-DCF0-484D-948C-AE0D553AD2EC}.Release|x64.ActiveCfg = Release|Any CPU
		{E649E772-DCF0-484D-948C-AE0D553AD2EC}.Release|x86.ActiveCfg = Release|Any CPU
		{7F0CE526-8BE9-4190-A8A6-C5DA83304E65}.Ad-Hoc|Any CPU.ActiveCfg = Debug|Any CPU
		{7F0CE526-8BE9-4190-A8A6-C5DA83304E65}.Ad-Hoc|Any CPU.Build.0 = Debug|Any CPU
		{7F0CE526-8BE9-4190-A8A6-C5DA83304E65}.Ad-Hoc|ARM.ActiveCfg = Debug|Any CPU
		{7F0CE526-8BE9-4190-A8A6-C5DA83304E65}.Ad-Hoc|iPhone.ActiveCfg = Release|Any CPU
		{7F0CE526-8BE9-4190-A8A6-C5DA83304E65}.Ad-Hoc|iPhone.Build.0 = Release|Any CPU
		{7F0CE526-8BE9-4190-A8A6-C5DA83304E65}.Ad-Hoc|iPhoneSimulator.ActiveCfg = Debug|Any CPU
		{7F0CE526-8BE9-4190-A8A6-C5DA83304E65}.Ad-Hoc|Mixed Platforms.ActiveCfg = Debug|Any CPU
		{7F0CE526-8BE9-4190-A8A6-C5DA83304E65}.Ad-Hoc|Mixed Platforms.Build.0 = Debug|Any CPU
		{7F0CE526-8BE9-4190-A8A6-C5DA83304E65}.Ad-Hoc|x64.ActiveCfg = Debug|Any CPU
		{7F0CE526-8BE9-4190-A8A6-C5DA83304E65}.Ad-Hoc|x86.ActiveCfg = Debug|Any CPU
		{7F0CE526-8BE9-4190-A8A6-C5DA83304E65}.AppStore|Any CPU.ActiveCfg = Debug|Any CPU
		{7F0CE526-8BE9-4190-A8A6-C5DA83304E65}.AppStore|Any CPU.Build.0 = Debug|Any CPU
		{7F0CE526-8BE9-4190-A8A6-C5DA83304E65}.AppStore|ARM.ActiveCfg = Debug|Any CPU
		{7F0CE526-8BE9-4190-A8A6-C5DA83304E65}.AppStore|iPhone.ActiveCfg = Release|Any CPU
		{7F0CE526-8BE9-4190-A8A6-C5DA83304E65}.AppStore|iPhone.Build.0 = Release|Any CPU
		{7F0CE526-8BE9-4190-A8A6-C5DA83304E65}.AppStore|iPhoneSimulator.ActiveCfg = Debug|Any CPU
		{7F0CE526-8BE9-4190-A8A6-C5DA83304E65}.AppStore|Mixed Platforms.ActiveCfg = Debug|Any CPU
		{7F0CE526-8BE9-4190-A8A6-C5DA83304E65}.AppStore|Mixed Platforms.Build.0 = Debug|Any CPU
		{7F0CE526-8BE9-4190-A8A6-C5DA83304E65}.AppStore|x64.ActiveCfg = Debug|Any CPU
		{7F0CE526-8BE9-4190-A8A6-C5DA83304E65}.AppStore|x86.ActiveCfg = Debug|Any CPU
		{7F0CE526-8BE9-4190-A8A6-C5DA83304E65}.Debug|Any CPU.ActiveCfg = Debug|Any CPU
		{7F0CE526-8BE9-4190-A8A6-C5DA83304E65}.Debug|Any CPU.Build.0 = Debug|Any CPU
		{7F0CE526-8BE9-4190-A8A6-C5DA83304E65}.Debug|ARM.ActiveCfg = Debug|Any CPU
		{7F0CE526-8BE9-4190-A8A6-C5DA83304E65}.Debug|iPhone.ActiveCfg = Debug|Any CPU
		{7F0CE526-8BE9-4190-A8A6-C5DA83304E65}.Debug|iPhone.Build.0 = Debug|Any CPU
		{7F0CE526-8BE9-4190-A8A6-C5DA83304E65}.Debug|iPhoneSimulator.ActiveCfg = Debug|Any CPU
		{7F0CE526-8BE9-4190-A8A6-C5DA83304E65}.Debug|iPhoneSimulator.Build.0 = Debug|Any CPU
		{7F0CE526-8BE9-4190-A8A6-C5DA83304E65}.Debug|Mixed Platforms.ActiveCfg = Debug|Any CPU
		{7F0CE526-8BE9-4190-A8A6-C5DA83304E65}.Debug|Mixed Platforms.Build.0 = Debug|Any CPU
		{7F0CE526-8BE9-4190-A8A6-C5DA83304E65}.Debug|x64.ActiveCfg = Debug|Any CPU
		{7F0CE526-8BE9-4190-A8A6-C5DA83304E65}.Debug|x86.ActiveCfg = Debug|Any CPU
		{7F0CE526-8BE9-4190-A8A6-C5DA83304E65}.Release|Any CPU.ActiveCfg = Release|Any CPU
		{7F0CE526-8BE9-4190-A8A6-C5DA83304E65}.Release|Any CPU.Build.0 = Release|Any CPU
		{7F0CE526-8BE9-4190-A8A6-C5DA83304E65}.Release|ARM.ActiveCfg = Release|Any CPU
		{7F0CE526-8BE9-4190-A8A6-C5DA83304E65}.Release|iPhone.ActiveCfg = Release|Any CPU
		{7F0CE526-8BE9-4190-A8A6-C5DA83304E65}.Release|iPhone.Build.0 = Release|Any CPU
		{7F0CE526-8BE9-4190-A8A6-C5DA83304E65}.Release|iPhoneSimulator.ActiveCfg = Release|Any CPU
		{7F0CE526-8BE9-4190-A8A6-C5DA83304E65}.Release|iPhoneSimulator.Build.0 = Release|Any CPU
		{7F0CE526-8BE9-4190-A8A6-C5DA83304E65}.Release|Mixed Platforms.ActiveCfg = Release|Any CPU
		{7F0CE526-8BE9-4190-A8A6-C5DA83304E65}.Release|Mixed Platforms.Build.0 = Release|Any CPU
		{7F0CE526-8BE9-4190-A8A6-C5DA83304E65}.Release|x64.ActiveCfg = Release|Any CPU
		{7F0CE526-8BE9-4190-A8A6-C5DA83304E65}.Release|x86.ActiveCfg = Release|Any CPU
		{A526647C-D1BE-4F99-B0B1-E4CD8A3ACCFC}.Ad-Hoc|Any CPU.ActiveCfg = Debug|Any CPU
		{A526647C-D1BE-4F99-B0B1-E4CD8A3ACCFC}.Ad-Hoc|Any CPU.Build.0 = Debug|Any CPU
		{A526647C-D1BE-4F99-B0B1-E4CD8A3ACCFC}.Ad-Hoc|Any CPU.Deploy.0 = Debug|Any CPU
		{A526647C-D1BE-4F99-B0B1-E4CD8A3ACCFC}.Ad-Hoc|ARM.ActiveCfg = Debug|Any CPU
		{A526647C-D1BE-4F99-B0B1-E4CD8A3ACCFC}.Ad-Hoc|iPhone.ActiveCfg = Release|Any CPU
		{A526647C-D1BE-4F99-B0B1-E4CD8A3ACCFC}.Ad-Hoc|iPhone.Build.0 = Release|Any CPU
		{A526647C-D1BE-4F99-B0B1-E4CD8A3ACCFC}.Ad-Hoc|iPhoneSimulator.ActiveCfg = Debug|Any CPU
		{A526647C-D1BE-4F99-B0B1-E4CD8A3ACCFC}.Ad-Hoc|Mixed Platforms.ActiveCfg = Debug|Any CPU
		{A526647C-D1BE-4F99-B0B1-E4CD8A3ACCFC}.Ad-Hoc|Mixed Platforms.Build.0 = Debug|Any CPU
		{A526647C-D1BE-4F99-B0B1-E4CD8A3ACCFC}.Ad-Hoc|Mixed Platforms.Deploy.0 = Debug|Any CPU
		{A526647C-D1BE-4F99-B0B1-E4CD8A3ACCFC}.Ad-Hoc|x64.ActiveCfg = Debug|Any CPU
		{A526647C-D1BE-4F99-B0B1-E4CD8A3ACCFC}.Ad-Hoc|x86.ActiveCfg = Debug|Any CPU
		{A526647C-D1BE-4F99-B0B1-E4CD8A3ACCFC}.AppStore|Any CPU.ActiveCfg = Debug|Any CPU
		{A526647C-D1BE-4F99-B0B1-E4CD8A3ACCFC}.AppStore|Any CPU.Build.0 = Debug|Any CPU
		{A526647C-D1BE-4F99-B0B1-E4CD8A3ACCFC}.AppStore|Any CPU.Deploy.0 = Debug|Any CPU
		{A526647C-D1BE-4F99-B0B1-E4CD8A3ACCFC}.AppStore|ARM.ActiveCfg = Debug|Any CPU
		{A526647C-D1BE-4F99-B0B1-E4CD8A3ACCFC}.AppStore|iPhone.ActiveCfg = Release|Any CPU
		{A526647C-D1BE-4F99-B0B1-E4CD8A3ACCFC}.AppStore|iPhone.Build.0 = Release|Any CPU
		{A526647C-D1BE-4F99-B0B1-E4CD8A3ACCFC}.AppStore|iPhoneSimulator.ActiveCfg = Debug|Any CPU
		{A526647C-D1BE-4F99-B0B1-E4CD8A3ACCFC}.AppStore|Mixed Platforms.ActiveCfg = Debug|Any CPU
		{A526647C-D1BE-4F99-B0B1-E4CD8A3ACCFC}.AppStore|Mixed Platforms.Build.0 = Debug|Any CPU
		{A526647C-D1BE-4F99-B0B1-E4CD8A3ACCFC}.AppStore|Mixed Platforms.Deploy.0 = Debug|Any CPU
		{A526647C-D1BE-4F99-B0B1-E4CD8A3ACCFC}.AppStore|x64.ActiveCfg = Debug|Any CPU
		{A526647C-D1BE-4F99-B0B1-E4CD8A3ACCFC}.AppStore|x86.ActiveCfg = Debug|Any CPU
		{A526647C-D1BE-4F99-B0B1-E4CD8A3ACCFC}.Debug|Any CPU.ActiveCfg = Debug|Any CPU
		{A526647C-D1BE-4F99-B0B1-E4CD8A3ACCFC}.Debug|Any CPU.Build.0 = Debug|Any CPU
		{A526647C-D1BE-4F99-B0B1-E4CD8A3ACCFC}.Debug|Any CPU.Deploy.0 = Debug|Any CPU
		{A526647C-D1BE-4F99-B0B1-E4CD8A3ACCFC}.Debug|ARM.ActiveCfg = Debug|Any CPU
		{A526647C-D1BE-4F99-B0B1-E4CD8A3ACCFC}.Debug|iPhone.ActiveCfg = Debug|Any CPU
		{A526647C-D1BE-4F99-B0B1-E4CD8A3ACCFC}.Debug|iPhone.Build.0 = Debug|Any CPU
		{A526647C-D1BE-4F99-B0B1-E4CD8A3ACCFC}.Debug|iPhoneSimulator.ActiveCfg = Debug|Any CPU
		{A526647C-D1BE-4F99-B0B1-E4CD8A3ACCFC}.Debug|iPhoneSimulator.Build.0 = Debug|Any CPU
		{A526647C-D1BE-4F99-B0B1-E4CD8A3ACCFC}.Debug|Mixed Platforms.ActiveCfg = Debug|Any CPU
		{A526647C-D1BE-4F99-B0B1-E4CD8A3ACCFC}.Debug|Mixed Platforms.Build.0 = Debug|Any CPU
		{A526647C-D1BE-4F99-B0B1-E4CD8A3ACCFC}.Debug|Mixed Platforms.Deploy.0 = Debug|Any CPU
		{A526647C-D1BE-4F99-B0B1-E4CD8A3ACCFC}.Debug|x64.ActiveCfg = Debug|Any CPU
		{A526647C-D1BE-4F99-B0B1-E4CD8A3ACCFC}.Debug|x86.ActiveCfg = Debug|Any CPU
		{A526647C-D1BE-4F99-B0B1-E4CD8A3ACCFC}.Release|Any CPU.ActiveCfg = Release|Any CPU
		{A526647C-D1BE-4F99-B0B1-E4CD8A3ACCFC}.Release|Any CPU.Build.0 = Release|Any CPU
		{A526647C-D1BE-4F99-B0B1-E4CD8A3ACCFC}.Release|Any CPU.Deploy.0 = Release|Any CPU
		{A526647C-D1BE-4F99-B0B1-E4CD8A3ACCFC}.Release|ARM.ActiveCfg = Release|Any CPU
		{A526647C-D1BE-4F99-B0B1-E4CD8A3ACCFC}.Release|iPhone.ActiveCfg = Release|Any CPU
		{A526647C-D1BE-4F99-B0B1-E4CD8A3ACCFC}.Release|iPhone.Build.0 = Release|Any CPU
		{A526647C-D1BE-4F99-B0B1-E4CD8A3ACCFC}.Release|iPhoneSimulator.ActiveCfg = Release|Any CPU
		{A526647C-D1BE-4F99-B0B1-E4CD8A3ACCFC}.Release|iPhoneSimulator.Build.0 = Release|Any CPU
		{A526647C-D1BE-4F99-B0B1-E4CD8A3ACCFC}.Release|Mixed Platforms.ActiveCfg = Release|Any CPU
		{A526647C-D1BE-4F99-B0B1-E4CD8A3ACCFC}.Release|Mixed Platforms.Build.0 = Release|Any CPU
		{A526647C-D1BE-4F99-B0B1-E4CD8A3ACCFC}.Release|Mixed Platforms.Deploy.0 = Release|Any CPU
		{A526647C-D1BE-4F99-B0B1-E4CD8A3ACCFC}.Release|x64.ActiveCfg = Release|Any CPU
		{A526647C-D1BE-4F99-B0B1-E4CD8A3ACCFC}.Release|x86.ActiveCfg = Release|Any CPU
		{E67928C6-D634-41F0-882D-17DC6FCA1525}.Ad-Hoc|Any CPU.ActiveCfg = Release|Any CPU
		{E67928C6-D634-41F0-882D-17DC6FCA1525}.Ad-Hoc|Any CPU.Build.0 = Release|Any CPU
		{E67928C6-D634-41F0-882D-17DC6FCA1525}.Ad-Hoc|Any CPU.Deploy.0 = Release|Any CPU
		{E67928C6-D634-41F0-882D-17DC6FCA1525}.Ad-Hoc|ARM.ActiveCfg = Release|ARM
		{E67928C6-D634-41F0-882D-17DC6FCA1525}.Ad-Hoc|ARM.Build.0 = Release|ARM
		{E67928C6-D634-41F0-882D-17DC6FCA1525}.Ad-Hoc|ARM.Deploy.0 = Release|ARM
		{E67928C6-D634-41F0-882D-17DC6FCA1525}.Ad-Hoc|iPhone.ActiveCfg = Release|Any CPU
		{E67928C6-D634-41F0-882D-17DC6FCA1525}.Ad-Hoc|iPhoneSimulator.ActiveCfg = Release|Any CPU
		{E67928C6-D634-41F0-882D-17DC6FCA1525}.Ad-Hoc|Mixed Platforms.ActiveCfg = Release|x86
		{E67928C6-D634-41F0-882D-17DC6FCA1525}.Ad-Hoc|Mixed Platforms.Build.0 = Release|x86
		{E67928C6-D634-41F0-882D-17DC6FCA1525}.Ad-Hoc|Mixed Platforms.Deploy.0 = Release|x86
		{E67928C6-D634-41F0-882D-17DC6FCA1525}.Ad-Hoc|x64.ActiveCfg = Release|x64
		{E67928C6-D634-41F0-882D-17DC6FCA1525}.Ad-Hoc|x64.Build.0 = Release|x64
		{E67928C6-D634-41F0-882D-17DC6FCA1525}.Ad-Hoc|x64.Deploy.0 = Release|x64
		{E67928C6-D634-41F0-882D-17DC6FCA1525}.Ad-Hoc|x86.ActiveCfg = Release|x86
		{E67928C6-D634-41F0-882D-17DC6FCA1525}.Ad-Hoc|x86.Build.0 = Release|x86
		{E67928C6-D634-41F0-882D-17DC6FCA1525}.Ad-Hoc|x86.Deploy.0 = Release|x86
		{E67928C6-D634-41F0-882D-17DC6FCA1525}.AppStore|Any CPU.ActiveCfg = Release|Any CPU
		{E67928C6-D634-41F0-882D-17DC6FCA1525}.AppStore|Any CPU.Build.0 = Release|Any CPU
		{E67928C6-D634-41F0-882D-17DC6FCA1525}.AppStore|Any CPU.Deploy.0 = Release|Any CPU
		{E67928C6-D634-41F0-882D-17DC6FCA1525}.AppStore|ARM.ActiveCfg = Release|ARM
		{E67928C6-D634-41F0-882D-17DC6FCA1525}.AppStore|ARM.Build.0 = Release|ARM
		{E67928C6-D634-41F0-882D-17DC6FCA1525}.AppStore|ARM.Deploy.0 = Release|ARM
		{E67928C6-D634-41F0-882D-17DC6FCA1525}.AppStore|iPhone.ActiveCfg = Release|Any CPU
		{E67928C6-D634-41F0-882D-17DC6FCA1525}.AppStore|iPhoneSimulator.ActiveCfg = Release|Any CPU
		{E67928C6-D634-41F0-882D-17DC6FCA1525}.AppStore|Mixed Platforms.ActiveCfg = Release|x86
		{E67928C6-D634-41F0-882D-17DC6FCA1525}.AppStore|Mixed Platforms.Build.0 = Release|x86
		{E67928C6-D634-41F0-882D-17DC6FCA1525}.AppStore|Mixed Platforms.Deploy.0 = Release|x86
		{E67928C6-D634-41F0-882D-17DC6FCA1525}.AppStore|x64.ActiveCfg = Release|x64
		{E67928C6-D634-41F0-882D-17DC6FCA1525}.AppStore|x64.Build.0 = Release|x64
		{E67928C6-D634-41F0-882D-17DC6FCA1525}.AppStore|x64.Deploy.0 = Release|x64
		{E67928C6-D634-41F0-882D-17DC6FCA1525}.AppStore|x86.ActiveCfg = Release|x86
		{E67928C6-D634-41F0-882D-17DC6FCA1525}.AppStore|x86.Build.0 = Release|x86
		{E67928C6-D634-41F0-882D-17DC6FCA1525}.AppStore|x86.Deploy.0 = Release|x86
		{E67928C6-D634-41F0-882D-17DC6FCA1525}.Debug|Any CPU.ActiveCfg = Debug|Any CPU
		{E67928C6-D634-41F0-882D-17DC6FCA1525}.Debug|Any CPU.Build.0 = Debug|Any CPU
		{E67928C6-D634-41F0-882D-17DC6FCA1525}.Debug|Any CPU.Deploy.0 = Debug|Any CPU
		{E67928C6-D634-41F0-882D-17DC6FCA1525}.Debug|ARM.ActiveCfg = Debug|ARM
		{E67928C6-D634-41F0-882D-17DC6FCA1525}.Debug|ARM.Build.0 = Debug|ARM
		{E67928C6-D634-41F0-882D-17DC6FCA1525}.Debug|ARM.Deploy.0 = Debug|ARM
		{E67928C6-D634-41F0-882D-17DC6FCA1525}.Debug|iPhone.ActiveCfg = Debug|Any CPU
		{E67928C6-D634-41F0-882D-17DC6FCA1525}.Debug|iPhoneSimulator.ActiveCfg = Debug|Any CPU
		{E67928C6-D634-41F0-882D-17DC6FCA1525}.Debug|Mixed Platforms.ActiveCfg = Debug|x86
		{E67928C6-D634-41F0-882D-17DC6FCA1525}.Debug|Mixed Platforms.Build.0 = Debug|x86
		{E67928C6-D634-41F0-882D-17DC6FCA1525}.Debug|Mixed Platforms.Deploy.0 = Debug|x86
		{E67928C6-D634-41F0-882D-17DC6FCA1525}.Debug|x64.ActiveCfg = Debug|x64
		{E67928C6-D634-41F0-882D-17DC6FCA1525}.Debug|x64.Build.0 = Debug|x64
		{E67928C6-D634-41F0-882D-17DC6FCA1525}.Debug|x64.Deploy.0 = Debug|x64
		{E67928C6-D634-41F0-882D-17DC6FCA1525}.Debug|x86.ActiveCfg = Debug|x86
		{E67928C6-D634-41F0-882D-17DC6FCA1525}.Debug|x86.Build.0 = Debug|x86
		{E67928C6-D634-41F0-882D-17DC6FCA1525}.Debug|x86.Deploy.0 = Debug|x86
		{E67928C6-D634-41F0-882D-17DC6FCA1525}.Release|Any CPU.ActiveCfg = Release|Any CPU
		{E67928C6-D634-41F0-882D-17DC6FCA1525}.Release|Any CPU.Build.0 = Release|Any CPU
		{E67928C6-D634-41F0-882D-17DC6FCA1525}.Release|Any CPU.Deploy.0 = Release|Any CPU
		{E67928C6-D634-41F0-882D-17DC6FCA1525}.Release|ARM.ActiveCfg = Release|ARM
		{E67928C6-D634-41F0-882D-17DC6FCA1525}.Release|ARM.Build.0 = Release|ARM
		{E67928C6-D634-41F0-882D-17DC6FCA1525}.Release|ARM.Deploy.0 = Release|ARM
		{E67928C6-D634-41F0-882D-17DC6FCA1525}.Release|iPhone.ActiveCfg = Release|Any CPU
		{E67928C6-D634-41F0-882D-17DC6FCA1525}.Release|iPhoneSimulator.ActiveCfg = Release|Any CPU
		{E67928C6-D634-41F0-882D-17DC6FCA1525}.Release|Mixed Platforms.ActiveCfg = Release|x86
		{E67928C6-D634-41F0-882D-17DC6FCA1525}.Release|Mixed Platforms.Build.0 = Release|x86
		{E67928C6-D634-41F0-882D-17DC6FCA1525}.Release|Mixed Platforms.Deploy.0 = Release|x86
		{E67928C6-D634-41F0-882D-17DC6FCA1525}.Release|x64.ActiveCfg = Release|x64
		{E67928C6-D634-41F0-882D-17DC6FCA1525}.Release|x64.Build.0 = Release|x64
		{E67928C6-D634-41F0-882D-17DC6FCA1525}.Release|x64.Deploy.0 = Release|x64
		{E67928C6-D634-41F0-882D-17DC6FCA1525}.Release|x86.ActiveCfg = Release|x86
		{E67928C6-D634-41F0-882D-17DC6FCA1525}.Release|x86.Build.0 = Release|x86
		{E67928C6-D634-41F0-882D-17DC6FCA1525}.Release|x86.Deploy.0 = Release|x86
		{82D19406-DFAB-431B-BFAD-E2F2BFAB5E62}.Ad-Hoc|Any CPU.ActiveCfg = Release|Any CPU
		{82D19406-DFAB-431B-BFAD-E2F2BFAB5E62}.Ad-Hoc|Any CPU.Build.0 = Release|Any CPU
		{82D19406-DFAB-431B-BFAD-E2F2BFAB5E62}.Ad-Hoc|Any CPU.Deploy.0 = Release|Any CPU
		{82D19406-DFAB-431B-BFAD-E2F2BFAB5E62}.Ad-Hoc|ARM.ActiveCfg = Release|ARM
		{82D19406-DFAB-431B-BFAD-E2F2BFAB5E62}.Ad-Hoc|ARM.Build.0 = Release|ARM
		{82D19406-DFAB-431B-BFAD-E2F2BFAB5E62}.Ad-Hoc|ARM.Deploy.0 = Release|ARM
		{82D19406-DFAB-431B-BFAD-E2F2BFAB5E62}.Ad-Hoc|iPhone.ActiveCfg = Release|Any CPU
		{82D19406-DFAB-431B-BFAD-E2F2BFAB5E62}.Ad-Hoc|iPhoneSimulator.ActiveCfg = Release|Any CPU
		{82D19406-DFAB-431B-BFAD-E2F2BFAB5E62}.Ad-Hoc|Mixed Platforms.ActiveCfg = Release|x86
		{82D19406-DFAB-431B-BFAD-E2F2BFAB5E62}.Ad-Hoc|Mixed Platforms.Build.0 = Release|x86
		{82D19406-DFAB-431B-BFAD-E2F2BFAB5E62}.Ad-Hoc|Mixed Platforms.Deploy.0 = Release|x86
		{82D19406-DFAB-431B-BFAD-E2F2BFAB5E62}.Ad-Hoc|x64.ActiveCfg = Release|Any CPU
		{82D19406-DFAB-431B-BFAD-E2F2BFAB5E62}.Ad-Hoc|x86.ActiveCfg = Release|x86
		{82D19406-DFAB-431B-BFAD-E2F2BFAB5E62}.Ad-Hoc|x86.Build.0 = Release|x86
		{82D19406-DFAB-431B-BFAD-E2F2BFAB5E62}.Ad-Hoc|x86.Deploy.0 = Release|x86
		{82D19406-DFAB-431B-BFAD-E2F2BFAB5E62}.AppStore|Any CPU.ActiveCfg = Release|Any CPU
		{82D19406-DFAB-431B-BFAD-E2F2BFAB5E62}.AppStore|Any CPU.Build.0 = Release|Any CPU
		{82D19406-DFAB-431B-BFAD-E2F2BFAB5E62}.AppStore|Any CPU.Deploy.0 = Release|Any CPU
		{82D19406-DFAB-431B-BFAD-E2F2BFAB5E62}.AppStore|ARM.ActiveCfg = Release|ARM
		{82D19406-DFAB-431B-BFAD-E2F2BFAB5E62}.AppStore|ARM.Build.0 = Release|ARM
		{82D19406-DFAB-431B-BFAD-E2F2BFAB5E62}.AppStore|ARM.Deploy.0 = Release|ARM
		{82D19406-DFAB-431B-BFAD-E2F2BFAB5E62}.AppStore|iPhone.ActiveCfg = Release|Any CPU
		{82D19406-DFAB-431B-BFAD-E2F2BFAB5E62}.AppStore|iPhoneSimulator.ActiveCfg = Release|Any CPU
		{82D19406-DFAB-431B-BFAD-E2F2BFAB5E62}.AppStore|Mixed Platforms.ActiveCfg = Release|x86
		{82D19406-DFAB-431B-BFAD-E2F2BFAB5E62}.AppStore|Mixed Platforms.Build.0 = Release|x86
		{82D19406-DFAB-431B-BFAD-E2F2BFAB5E62}.AppStore|Mixed Platforms.Deploy.0 = Release|x86
		{82D19406-DFAB-431B-BFAD-E2F2BFAB5E62}.AppStore|x64.ActiveCfg = Release|Any CPU
		{82D19406-DFAB-431B-BFAD-E2F2BFAB5E62}.AppStore|x86.ActiveCfg = Release|x86
		{82D19406-DFAB-431B-BFAD-E2F2BFAB5E62}.AppStore|x86.Build.0 = Release|x86
		{82D19406-DFAB-431B-BFAD-E2F2BFAB5E62}.AppStore|x86.Deploy.0 = Release|x86
		{82D19406-DFAB-431B-BFAD-E2F2BFAB5E62}.Debug|Any CPU.ActiveCfg = Debug|Any CPU
		{82D19406-DFAB-431B-BFAD-E2F2BFAB5E62}.Debug|Any CPU.Build.0 = Debug|Any CPU
		{82D19406-DFAB-431B-BFAD-E2F2BFAB5E62}.Debug|Any CPU.Deploy.0 = Debug|Any CPU
		{82D19406-DFAB-431B-BFAD-E2F2BFAB5E62}.Debug|ARM.ActiveCfg = Debug|ARM
		{82D19406-DFAB-431B-BFAD-E2F2BFAB5E62}.Debug|ARM.Build.0 = Debug|ARM
		{82D19406-DFAB-431B-BFAD-E2F2BFAB5E62}.Debug|ARM.Deploy.0 = Debug|ARM
		{82D19406-DFAB-431B-BFAD-E2F2BFAB5E62}.Debug|iPhone.ActiveCfg = Debug|Any CPU
		{82D19406-DFAB-431B-BFAD-E2F2BFAB5E62}.Debug|iPhoneSimulator.ActiveCfg = Debug|Any CPU
		{82D19406-DFAB-431B-BFAD-E2F2BFAB5E62}.Debug|Mixed Platforms.ActiveCfg = Debug|x86
		{82D19406-DFAB-431B-BFAD-E2F2BFAB5E62}.Debug|Mixed Platforms.Build.0 = Debug|x86
		{82D19406-DFAB-431B-BFAD-E2F2BFAB5E62}.Debug|Mixed Platforms.Deploy.0 = Debug|x86
		{82D19406-DFAB-431B-BFAD-E2F2BFAB5E62}.Debug|x64.ActiveCfg = Debug|Any CPU
		{82D19406-DFAB-431B-BFAD-E2F2BFAB5E62}.Debug|x86.ActiveCfg = Debug|x86
		{82D19406-DFAB-431B-BFAD-E2F2BFAB5E62}.Debug|x86.Build.0 = Debug|x86
		{82D19406-DFAB-431B-BFAD-E2F2BFAB5E62}.Debug|x86.Deploy.0 = Debug|x86
		{82D19406-DFAB-431B-BFAD-E2F2BFAB5E62}.Release|Any CPU.ActiveCfg = Release|Any CPU
		{82D19406-DFAB-431B-BFAD-E2F2BFAB5E62}.Release|Any CPU.Build.0 = Release|Any CPU
		{82D19406-DFAB-431B-BFAD-E2F2BFAB5E62}.Release|Any CPU.Deploy.0 = Release|Any CPU
		{82D19406-DFAB-431B-BFAD-E2F2BFAB5E62}.Release|ARM.ActiveCfg = Release|ARM
		{82D19406-DFAB-431B-BFAD-E2F2BFAB5E62}.Release|ARM.Build.0 = Release|ARM
		{82D19406-DFAB-431B-BFAD-E2F2BFAB5E62}.Release|ARM.Deploy.0 = Release|ARM
		{82D19406-DFAB-431B-BFAD-E2F2BFAB5E62}.Release|iPhone.ActiveCfg = Release|Any CPU
		{82D19406-DFAB-431B-BFAD-E2F2BFAB5E62}.Release|iPhoneSimulator.ActiveCfg = Release|Any CPU
		{82D19406-DFAB-431B-BFAD-E2F2BFAB5E62}.Release|Mixed Platforms.ActiveCfg = Release|x86
		{82D19406-DFAB-431B-BFAD-E2F2BFAB5E62}.Release|Mixed Platforms.Build.0 = Release|x86
		{82D19406-DFAB-431B-BFAD-E2F2BFAB5E62}.Release|Mixed Platforms.Deploy.0 = Release|x86
		{82D19406-DFAB-431B-BFAD-E2F2BFAB5E62}.Release|x64.ActiveCfg = Release|Any CPU
		{82D19406-DFAB-431B-BFAD-E2F2BFAB5E62}.Release|x86.ActiveCfg = Release|x86
		{82D19406-DFAB-431B-BFAD-E2F2BFAB5E62}.Release|x86.Build.0 = Release|x86
		{82D19406-DFAB-431B-BFAD-E2F2BFAB5E62}.Release|x86.Deploy.0 = Release|x86
		{AA5DD5EF-1E86-4AD4-81B1-FD484799149A}.Ad-Hoc|Any CPU.ActiveCfg = Ad-Hoc|iPhone
		{AA5DD5EF-1E86-4AD4-81B1-FD484799149A}.Ad-Hoc|Any CPU.Build.0 = Ad-Hoc|iPhone
		{AA5DD5EF-1E86-4AD4-81B1-FD484799149A}.Ad-Hoc|ARM.ActiveCfg = Ad-Hoc|iPhone
		{AA5DD5EF-1E86-4AD4-81B1-FD484799149A}.Ad-Hoc|ARM.Build.0 = Ad-Hoc|iPhone
		{AA5DD5EF-1E86-4AD4-81B1-FD484799149A}.Ad-Hoc|iPhone.ActiveCfg = Ad-Hoc|iPhone
		{AA5DD5EF-1E86-4AD4-81B1-FD484799149A}.Ad-Hoc|iPhone.Build.0 = Ad-Hoc|iPhone
		{AA5DD5EF-1E86-4AD4-81B1-FD484799149A}.Ad-Hoc|iPhoneSimulator.ActiveCfg = Debug|iPhoneSimulator
		{AA5DD5EF-1E86-4AD4-81B1-FD484799149A}.Ad-Hoc|iPhoneSimulator.Build.0 = Debug|iPhoneSimulator
		{AA5DD5EF-1E86-4AD4-81B1-FD484799149A}.Ad-Hoc|Mixed Platforms.ActiveCfg = Ad-Hoc|iPhone
		{AA5DD5EF-1E86-4AD4-81B1-FD484799149A}.Ad-Hoc|Mixed Platforms.Build.0 = Ad-Hoc|iPhone
		{AA5DD5EF-1E86-4AD4-81B1-FD484799149A}.Ad-Hoc|x64.ActiveCfg = Ad-Hoc|iPhone
		{AA5DD5EF-1E86-4AD4-81B1-FD484799149A}.Ad-Hoc|x64.Build.0 = Ad-Hoc|iPhone
		{AA5DD5EF-1E86-4AD4-81B1-FD484799149A}.Ad-Hoc|x86.ActiveCfg = Ad-Hoc|iPhone
		{AA5DD5EF-1E86-4AD4-81B1-FD484799149A}.Ad-Hoc|x86.Build.0 = Ad-Hoc|iPhone
		{AA5DD5EF-1E86-4AD4-81B1-FD484799149A}.AppStore|Any CPU.ActiveCfg = AppStore|iPhone
		{AA5DD5EF-1E86-4AD4-81B1-FD484799149A}.AppStore|Any CPU.Build.0 = AppStore|iPhone
		{AA5DD5EF-1E86-4AD4-81B1-FD484799149A}.AppStore|ARM.ActiveCfg = AppStore|iPhone
		{AA5DD5EF-1E86-4AD4-81B1-FD484799149A}.AppStore|ARM.Build.0 = AppStore|iPhone
		{AA5DD5EF-1E86-4AD4-81B1-FD484799149A}.AppStore|iPhone.ActiveCfg = AppStore|iPhone
		{AA5DD5EF-1E86-4AD4-81B1-FD484799149A}.AppStore|iPhone.Build.0 = AppStore|iPhone
		{AA5DD5EF-1E86-4AD4-81B1-FD484799149A}.AppStore|iPhoneSimulator.ActiveCfg = Debug|iPhoneSimulator
		{AA5DD5EF-1E86-4AD4-81B1-FD484799149A}.AppStore|iPhoneSimulator.Build.0 = Debug|iPhoneSimulator
		{AA5DD5EF-1E86-4AD4-81B1-FD484799149A}.AppStore|Mixed Platforms.ActiveCfg = AppStore|iPhone
		{AA5DD5EF-1E86-4AD4-81B1-FD484799149A}.AppStore|Mixed Platforms.Build.0 = AppStore|iPhone
		{AA5DD5EF-1E86-4AD4-81B1-FD484799149A}.AppStore|x64.ActiveCfg = AppStore|iPhone
		{AA5DD5EF-1E86-4AD4-81B1-FD484799149A}.AppStore|x64.Build.0 = AppStore|iPhone
		{AA5DD5EF-1E86-4AD4-81B1-FD484799149A}.AppStore|x86.ActiveCfg = AppStore|iPhone
		{AA5DD5EF-1E86-4AD4-81B1-FD484799149A}.AppStore|x86.Build.0 = AppStore|iPhone
		{AA5DD5EF-1E86-4AD4-81B1-FD484799149A}.Debug|Any CPU.ActiveCfg = Debug|iPhoneSimulator
		{AA5DD5EF-1E86-4AD4-81B1-FD484799149A}.Debug|Any CPU.Build.0 = Debug|iPhoneSimulator
		{AA5DD5EF-1E86-4AD4-81B1-FD484799149A}.Debug|ARM.ActiveCfg = Debug|iPhoneSimulator
		{AA5DD5EF-1E86-4AD4-81B1-FD484799149A}.Debug|ARM.Build.0 = Debug|iPhoneSimulator
		{AA5DD5EF-1E86-4AD4-81B1-FD484799149A}.Debug|iPhone.ActiveCfg = Debug|iPhone
		{AA5DD5EF-1E86-4AD4-81B1-FD484799149A}.Debug|iPhone.Build.0 = Debug|iPhone
		{AA5DD5EF-1E86-4AD4-81B1-FD484799149A}.Debug|iPhoneSimulator.ActiveCfg = Debug|iPhoneSimulator
		{AA5DD5EF-1E86-4AD4-81B1-FD484799149A}.Debug|iPhoneSimulator.Build.0 = Debug|iPhoneSimulator
		{AA5DD5EF-1E86-4AD4-81B1-FD484799149A}.Debug|Mixed Platforms.ActiveCfg = Debug|iPhoneSimulator
		{AA5DD5EF-1E86-4AD4-81B1-FD484799149A}.Debug|Mixed Platforms.Build.0 = Debug|iPhoneSimulator
		{AA5DD5EF-1E86-4AD4-81B1-FD484799149A}.Debug|x64.ActiveCfg = Debug|iPhoneSimulator
		{AA5DD5EF-1E86-4AD4-81B1-FD484799149A}.Debug|x64.Build.0 = Debug|iPhoneSimulator
		{AA5DD5EF-1E86-4AD4-81B1-FD484799149A}.Debug|x86.ActiveCfg = Debug|iPhoneSimulator
		{AA5DD5EF-1E86-4AD4-81B1-FD484799149A}.Debug|x86.Build.0 = Debug|iPhoneSimulator
		{AA5DD5EF-1E86-4AD4-81B1-FD484799149A}.Release|Any CPU.ActiveCfg = Release|iPhoneSimulator
		{AA5DD5EF-1E86-4AD4-81B1-FD484799149A}.Release|Any CPU.Build.0 = Release|iPhoneSimulator
		{AA5DD5EF-1E86-4AD4-81B1-FD484799149A}.Release|ARM.ActiveCfg = Release|iPhoneSimulator
		{AA5DD5EF-1E86-4AD4-81B1-FD484799149A}.Release|ARM.Build.0 = Release|iPhoneSimulator
		{AA5DD5EF-1E86-4AD4-81B1-FD484799149A}.Release|iPhone.ActiveCfg = Release|iPhone
		{AA5DD5EF-1E86-4AD4-81B1-FD484799149A}.Release|iPhone.Build.0 = Release|iPhone
		{AA5DD5EF-1E86-4AD4-81B1-FD484799149A}.Release|iPhoneSimulator.ActiveCfg = Release|iPhoneSimulator
		{AA5DD5EF-1E86-4AD4-81B1-FD484799149A}.Release|iPhoneSimulator.Build.0 = Release|iPhoneSimulator
		{AA5DD5EF-1E86-4AD4-81B1-FD484799149A}.Release|Mixed Platforms.ActiveCfg = Release|iPhoneSimulator
		{AA5DD5EF-1E86-4AD4-81B1-FD484799149A}.Release|Mixed Platforms.Build.0 = Release|iPhoneSimulator
		{AA5DD5EF-1E86-4AD4-81B1-FD484799149A}.Release|x64.ActiveCfg = Release|iPhoneSimulator
		{AA5DD5EF-1E86-4AD4-81B1-FD484799149A}.Release|x64.Build.0 = Release|iPhoneSimulator
		{AA5DD5EF-1E86-4AD4-81B1-FD484799149A}.Release|x86.ActiveCfg = Release|iPhoneSimulator
		{AA5DD5EF-1E86-4AD4-81B1-FD484799149A}.Release|x86.Build.0 = Release|iPhoneSimulator
		{66985485-8307-4A0E-A903-3B6B1304E4CC}.Ad-Hoc|Any CPU.ActiveCfg = Debug|Any CPU
		{66985485-8307-4A0E-A903-3B6B1304E4CC}.Ad-Hoc|Any CPU.Build.0 = Debug|Any CPU
		{66985485-8307-4A0E-A903-3B6B1304E4CC}.Ad-Hoc|ARM.ActiveCfg = Debug|Any CPU
		{66985485-8307-4A0E-A903-3B6B1304E4CC}.Ad-Hoc|ARM.Build.0 = Debug|Any CPU
		{66985485-8307-4A0E-A903-3B6B1304E4CC}.Ad-Hoc|iPhone.ActiveCfg = Release|Any CPU
		{66985485-8307-4A0E-A903-3B6B1304E4CC}.Ad-Hoc|iPhone.Build.0 = Release|Any CPU
		{66985485-8307-4A0E-A903-3B6B1304E4CC}.Ad-Hoc|iPhoneSimulator.ActiveCfg = Debug|Any CPU
		{66985485-8307-4A0E-A903-3B6B1304E4CC}.Ad-Hoc|iPhoneSimulator.Build.0 = Debug|Any CPU
		{66985485-8307-4A0E-A903-3B6B1304E4CC}.Ad-Hoc|Mixed Platforms.ActiveCfg = Debug|Any CPU
		{66985485-8307-4A0E-A903-3B6B1304E4CC}.Ad-Hoc|Mixed Platforms.Build.0 = Debug|Any CPU
		{66985485-8307-4A0E-A903-3B6B1304E4CC}.Ad-Hoc|x64.ActiveCfg = Debug|Any CPU
		{66985485-8307-4A0E-A903-3B6B1304E4CC}.Ad-Hoc|x64.Build.0 = Debug|Any CPU
		{66985485-8307-4A0E-A903-3B6B1304E4CC}.Ad-Hoc|x86.ActiveCfg = Debug|Any CPU
		{66985485-8307-4A0E-A903-3B6B1304E4CC}.Ad-Hoc|x86.Build.0 = Debug|Any CPU
		{66985485-8307-4A0E-A903-3B6B1304E4CC}.AppStore|Any CPU.ActiveCfg = Debug|Any CPU
		{66985485-8307-4A0E-A903-3B6B1304E4CC}.AppStore|Any CPU.Build.0 = Debug|Any CPU
		{66985485-8307-4A0E-A903-3B6B1304E4CC}.AppStore|ARM.ActiveCfg = Debug|Any CPU
		{66985485-8307-4A0E-A903-3B6B1304E4CC}.AppStore|ARM.Build.0 = Debug|Any CPU
		{66985485-8307-4A0E-A903-3B6B1304E4CC}.AppStore|iPhone.ActiveCfg = Release|Any CPU
		{66985485-8307-4A0E-A903-3B6B1304E4CC}.AppStore|iPhone.Build.0 = Release|Any CPU
		{66985485-8307-4A0E-A903-3B6B1304E4CC}.AppStore|iPhoneSimulator.ActiveCfg = Debug|Any CPU
		{66985485-8307-4A0E-A903-3B6B1304E4CC}.AppStore|iPhoneSimulator.Build.0 = Debug|Any CPU
		{66985485-8307-4A0E-A903-3B6B1304E4CC}.AppStore|Mixed Platforms.ActiveCfg = Debug|Any CPU
		{66985485-8307-4A0E-A903-3B6B1304E4CC}.AppStore|Mixed Platforms.Build.0 = Debug|Any CPU
		{66985485-8307-4A0E-A903-3B6B1304E4CC}.AppStore|x64.ActiveCfg = Debug|Any CPU
		{66985485-8307-4A0E-A903-3B6B1304E4CC}.AppStore|x64.Build.0 = Debug|Any CPU
		{66985485-8307-4A0E-A903-3B6B1304E4CC}.AppStore|x86.ActiveCfg = Debug|Any CPU
		{66985485-8307-4A0E-A903-3B6B1304E4CC}.AppStore|x86.Build.0 = Debug|Any CPU
		{66985485-8307-4A0E-A903-3B6B1304E4CC}.Debug|Any CPU.ActiveCfg = Debug|Any CPU
		{66985485-8307-4A0E-A903-3B6B1304E4CC}.Debug|Any CPU.Build.0 = Debug|Any CPU
		{66985485-8307-4A0E-A903-3B6B1304E4CC}.Debug|ARM.ActiveCfg = Debug|Any CPU
		{66985485-8307-4A0E-A903-3B6B1304E4CC}.Debug|ARM.Build.0 = Debug|Any CPU
		{66985485-8307-4A0E-A903-3B6B1304E4CC}.Debug|iPhone.ActiveCfg = Debug|Any CPU
		{66985485-8307-4A0E-A903-3B6B1304E4CC}.Debug|iPhone.Build.0 = Debug|Any CPU
		{66985485-8307-4A0E-A903-3B6B1304E4CC}.Debug|iPhoneSimulator.ActiveCfg = Debug|Any CPU
		{66985485-8307-4A0E-A903-3B6B1304E4CC}.Debug|iPhoneSimulator.Build.0 = Debug|Any CPU
		{66985485-8307-4A0E-A903-3B6B1304E4CC}.Debug|Mixed Platforms.ActiveCfg = Debug|Any CPU
		{66985485-8307-4A0E-A903-3B6B1304E4CC}.Debug|Mixed Platforms.Build.0 = Debug|Any CPU
		{66985485-8307-4A0E-A903-3B6B1304E4CC}.Debug|x64.ActiveCfg = Debug|Any CPU
		{66985485-8307-4A0E-A903-3B6B1304E4CC}.Debug|x64.Build.0 = Debug|Any CPU
		{66985485-8307-4A0E-A903-3B6B1304E4CC}.Debug|x86.ActiveCfg = Debug|Any CPU
		{66985485-8307-4A0E-A903-3B6B1304E4CC}.Debug|x86.Build.0 = Debug|Any CPU
		{66985485-8307-4A0E-A903-3B6B1304E4CC}.Release|Any CPU.ActiveCfg = Release|Any CPU
		{66985485-8307-4A0E-A903-3B6B1304E4CC}.Release|Any CPU.Build.0 = Release|Any CPU
		{66985485-8307-4A0E-A903-3B6B1304E4CC}.Release|ARM.ActiveCfg = Release|Any CPU
		{66985485-8307-4A0E-A903-3B6B1304E4CC}.Release|ARM.Build.0 = Release|Any CPU
		{66985485-8307-4A0E-A903-3B6B1304E4CC}.Release|iPhone.ActiveCfg = Release|Any CPU
		{66985485-8307-4A0E-A903-3B6B1304E4CC}.Release|iPhone.Build.0 = Release|Any CPU
		{66985485-8307-4A0E-A903-3B6B1304E4CC}.Release|iPhoneSimulator.ActiveCfg = Release|Any CPU
		{66985485-8307-4A0E-A903-3B6B1304E4CC}.Release|iPhoneSimulator.Build.0 = Release|Any CPU
		{66985485-8307-4A0E-A903-3B6B1304E4CC}.Release|Mixed Platforms.ActiveCfg = Release|Any CPU
		{66985485-8307-4A0E-A903-3B6B1304E4CC}.Release|Mixed Platforms.Build.0 = Release|Any CPU
		{66985485-8307-4A0E-A903-3B6B1304E4CC}.Release|x64.ActiveCfg = Release|Any CPU
		{66985485-8307-4A0E-A903-3B6B1304E4CC}.Release|x64.Build.0 = Release|Any CPU
		{66985485-8307-4A0E-A903-3B6B1304E4CC}.Release|x86.ActiveCfg = Release|Any CPU
		{66985485-8307-4A0E-A903-3B6B1304E4CC}.Release|x86.Build.0 = Release|Any CPU
		{E06FB8D4-12D3-46B1-8C33-A54735D39C5C}.Ad-Hoc|Any CPU.ActiveCfg = Debug|iPhoneSimulator
		{E06FB8D4-12D3-46B1-8C33-A54735D39C5C}.Ad-Hoc|Any CPU.Build.0 = Debug|iPhoneSimulator
		{E06FB8D4-12D3-46B1-8C33-A54735D39C5C}.Ad-Hoc|ARM.ActiveCfg = Debug|iPhoneSimulator
		{E06FB8D4-12D3-46B1-8C33-A54735D39C5C}.Ad-Hoc|ARM.Build.0 = Debug|iPhoneSimulator
		{E06FB8D4-12D3-46B1-8C33-A54735D39C5C}.Ad-Hoc|iPhone.ActiveCfg = Debug|iPhoneSimulator
		{E06FB8D4-12D3-46B1-8C33-A54735D39C5C}.Ad-Hoc|iPhone.Build.0 = Debug|iPhoneSimulator
		{E06FB8D4-12D3-46B1-8C33-A54735D39C5C}.Ad-Hoc|iPhoneSimulator.ActiveCfg = Debug|iPhoneSimulator
		{E06FB8D4-12D3-46B1-8C33-A54735D39C5C}.Ad-Hoc|iPhoneSimulator.Build.0 = Debug|iPhoneSimulator
		{E06FB8D4-12D3-46B1-8C33-A54735D39C5C}.Ad-Hoc|Mixed Platforms.ActiveCfg = Debug|iPhoneSimulator
		{E06FB8D4-12D3-46B1-8C33-A54735D39C5C}.Ad-Hoc|Mixed Platforms.Build.0 = Debug|iPhoneSimulator
		{E06FB8D4-12D3-46B1-8C33-A54735D39C5C}.Ad-Hoc|x64.ActiveCfg = Debug|iPhoneSimulator
		{E06FB8D4-12D3-46B1-8C33-A54735D39C5C}.Ad-Hoc|x64.Build.0 = Debug|iPhoneSimulator
		{E06FB8D4-12D3-46B1-8C33-A54735D39C5C}.Ad-Hoc|x86.ActiveCfg = Debug|iPhoneSimulator
		{E06FB8D4-12D3-46B1-8C33-A54735D39C5C}.Ad-Hoc|x86.Build.0 = Debug|iPhoneSimulator
		{E06FB8D4-12D3-46B1-8C33-A54735D39C5C}.AppStore|Any CPU.ActiveCfg = Debug|iPhoneSimulator
		{E06FB8D4-12D3-46B1-8C33-A54735D39C5C}.AppStore|Any CPU.Build.0 = Debug|iPhoneSimulator
		{E06FB8D4-12D3-46B1-8C33-A54735D39C5C}.AppStore|ARM.ActiveCfg = Debug|iPhoneSimulator
		{E06FB8D4-12D3-46B1-8C33-A54735D39C5C}.AppStore|ARM.Build.0 = Debug|iPhoneSimulator
		{E06FB8D4-12D3-46B1-8C33-A54735D39C5C}.AppStore|iPhone.ActiveCfg = Debug|iPhoneSimulator
		{E06FB8D4-12D3-46B1-8C33-A54735D39C5C}.AppStore|iPhone.Build.0 = Debug|iPhoneSimulator
		{E06FB8D4-12D3-46B1-8C33-A54735D39C5C}.AppStore|iPhoneSimulator.ActiveCfg = Debug|iPhoneSimulator
		{E06FB8D4-12D3-46B1-8C33-A54735D39C5C}.AppStore|iPhoneSimulator.Build.0 = Debug|iPhoneSimulator
		{E06FB8D4-12D3-46B1-8C33-A54735D39C5C}.AppStore|Mixed Platforms.ActiveCfg = Debug|iPhoneSimulator
		{E06FB8D4-12D3-46B1-8C33-A54735D39C5C}.AppStore|Mixed Platforms.Build.0 = Debug|iPhoneSimulator
		{E06FB8D4-12D3-46B1-8C33-A54735D39C5C}.AppStore|x64.ActiveCfg = Debug|iPhoneSimulator
		{E06FB8D4-12D3-46B1-8C33-A54735D39C5C}.AppStore|x64.Build.0 = Debug|iPhoneSimulator
		{E06FB8D4-12D3-46B1-8C33-A54735D39C5C}.AppStore|x86.ActiveCfg = Debug|iPhoneSimulator
		{E06FB8D4-12D3-46B1-8C33-A54735D39C5C}.AppStore|x86.Build.0 = Debug|iPhoneSimulator
		{E06FB8D4-12D3-46B1-8C33-A54735D39C5C}.Debug|Any CPU.ActiveCfg = Debug|iPhoneSimulator
		{E06FB8D4-12D3-46B1-8C33-A54735D39C5C}.Debug|Any CPU.Build.0 = Debug|iPhoneSimulator
		{E06FB8D4-12D3-46B1-8C33-A54735D39C5C}.Debug|ARM.ActiveCfg = Debug|iPhoneSimulator
		{E06FB8D4-12D3-46B1-8C33-A54735D39C5C}.Debug|ARM.Build.0 = Debug|iPhoneSimulator
		{E06FB8D4-12D3-46B1-8C33-A54735D39C5C}.Debug|iPhone.ActiveCfg = Debug|iPhoneSimulator
		{E06FB8D4-12D3-46B1-8C33-A54735D39C5C}.Debug|iPhone.Build.0 = Debug|iPhoneSimulator
		{E06FB8D4-12D3-46B1-8C33-A54735D39C5C}.Debug|iPhoneSimulator.ActiveCfg = Debug|iPhoneSimulator
		{E06FB8D4-12D3-46B1-8C33-A54735D39C5C}.Debug|iPhoneSimulator.Build.0 = Debug|iPhoneSimulator
		{E06FB8D4-12D3-46B1-8C33-A54735D39C5C}.Debug|Mixed Platforms.ActiveCfg = Debug|iPhoneSimulator
		{E06FB8D4-12D3-46B1-8C33-A54735D39C5C}.Debug|Mixed Platforms.Build.0 = Debug|iPhoneSimulator
		{E06FB8D4-12D3-46B1-8C33-A54735D39C5C}.Debug|x64.ActiveCfg = Debug|iPhoneSimulator
		{E06FB8D4-12D3-46B1-8C33-A54735D39C5C}.Debug|x64.Build.0 = Debug|iPhoneSimulator
		{E06FB8D4-12D3-46B1-8C33-A54735D39C5C}.Debug|x86.ActiveCfg = Debug|iPhoneSimulator
		{E06FB8D4-12D3-46B1-8C33-A54735D39C5C}.Debug|x86.Build.0 = Debug|iPhoneSimulator
		{E06FB8D4-12D3-46B1-8C33-A54735D39C5C}.Release|Any CPU.ActiveCfg = Release|iPhoneSimulator
		{E06FB8D4-12D3-46B1-8C33-A54735D39C5C}.Release|Any CPU.Build.0 = Release|iPhoneSimulator
		{E06FB8D4-12D3-46B1-8C33-A54735D39C5C}.Release|ARM.ActiveCfg = Release|iPhoneSimulator
		{E06FB8D4-12D3-46B1-8C33-A54735D39C5C}.Release|ARM.Build.0 = Release|iPhoneSimulator
		{E06FB8D4-12D3-46B1-8C33-A54735D39C5C}.Release|iPhone.ActiveCfg = Release|iPhoneSimulator
		{E06FB8D4-12D3-46B1-8C33-A54735D39C5C}.Release|iPhone.Build.0 = Release|iPhoneSimulator
		{E06FB8D4-12D3-46B1-8C33-A54735D39C5C}.Release|iPhoneSimulator.ActiveCfg = Release|iPhoneSimulator
		{E06FB8D4-12D3-46B1-8C33-A54735D39C5C}.Release|iPhoneSimulator.Build.0 = Release|iPhoneSimulator
		{E06FB8D4-12D3-46B1-8C33-A54735D39C5C}.Release|Mixed Platforms.ActiveCfg = Release|iPhoneSimulator
		{E06FB8D4-12D3-46B1-8C33-A54735D39C5C}.Release|Mixed Platforms.Build.0 = Release|iPhoneSimulator
		{E06FB8D4-12D3-46B1-8C33-A54735D39C5C}.Release|x64.ActiveCfg = Release|iPhoneSimulator
		{E06FB8D4-12D3-46B1-8C33-A54735D39C5C}.Release|x64.Build.0 = Release|iPhoneSimulator
		{E06FB8D4-12D3-46B1-8C33-A54735D39C5C}.Release|x86.ActiveCfg = Release|iPhoneSimulator
		{E06FB8D4-12D3-46B1-8C33-A54735D39C5C}.Release|x86.Build.0 = Release|iPhoneSimulator
	EndGlobalSection
	GlobalSection(SolutionProperties) = preSolution
		HideSolutionNode = FALSE
	EndGlobalSection
	GlobalSection(MonoDevelopProperties) = preSolution
		StartupItem = Mymdb.iOS\Mymdb.iOS.csproj
	EndGlobalSection
EndGlobal
